
Microsoft Visual Studio Solution File, Format Version 12.00
# Visual Studio Version 16
VisualStudioVersion = 16.0.31702.278
MinimumVisualStudioVersion = 10.0.40219.1
Project("{FAE04EC0-301F-11D3-BF4B-00C04F79EFBC}") = "apiCORSDotNet1", "apiCORSDotNet1.csproj", "{355760FF-FDAC-4AFF-815A-5B04F043C8BD}"
EndProject
Global
	GlobalSection(SolutionConfigurationPlatforms) = preSolution
		Debug|Any CPU = Debug|Any CPU
		Release|Any CPU = Release|Any CPU
	EndGlobalSection
	GlobalSection(ProjectConfigurationPlatforms) = postSolution
		{355760FF-FDAC-4AFF-815A-5B04F043C8BD}.Debug|Any CPU.ActiveCfg = Debug|Any CPU
		{355760FF-FDAC-4AFF-815A-5B04F043C8BD}.Debug|Any CPU.Build.0 = Debug|Any CPU
		{355760FF-FDAC-4AFF-815A-5B04F043C8BD}.Release|Any CPU.ActiveCfg = Release|Any CPU
		{355760FF-FDAC-4AFF-815A-5B04F043C8BD}.Release|Any CPU.Build.0 = Release|Any CPU
	EndGlobalSection
	GlobalSection(SolutionProperties) = preSolution
		HideSolutionNode = FALSE
	EndGlobalSection
	GlobalSection(ExtensibilityGlobals) = postSolution
		SolutionGuid = {4ACD4CAB-799A-4A6F-B98A-E385E28ACE36}
	EndGlobalSection
EndGlobal
